
Microsoft Visual Studio Solution File, Format Version 12.00
# Visual Studio Version 17
VisualStudioVersion = 17.14.36414.22 d17.14
MinimumVisualStudioVersion = 10.0.40219.1
Project("{FAE04EC0-301F-11D3-BF4B-00C04F79EFBC}") = "SeatYourself", "SeatYourself\SeatYourself.csproj", "{611D57B2-C0C9-4368-AB04-977F4BFB2F9B}"
EndProject
Global
	GlobalSection(SolutionConfigurationPlatforms) = preSolution
		Debug|Any CPU = Debug|Any CPU
		Release|Any CPU = Release|Any CPU
	EndGlobalSection
	GlobalSection(ProjectConfigurationPlatforms) = postSolution
		{611D57B2-C0C9-4368-AB04-977F4BFB2F9B}.Debug|Any CPU.ActiveCfg = Debug|Any CPU
		{611D57B2-C0C9-4368-AB04-977F4BFB2F9B}.Debug|Any CPU.Build.0 = Debug|Any CPU
		{611D57B2-C0C9-4368-AB04-977F4BFB2F9B}.Release|Any CPU.ActiveCfg = Release|Any CPU
		{611D57B2-C0C9-4368-AB04-977F4BFB2F9B}.Release|Any CPU.Build.0 = Release|Any CPU
	EndGlobalSection
	GlobalSection(SolutionProperties) = preSolution
		HideSolutionNode = FALSE
	EndGlobalSection
	GlobalSection(ExtensibilityGlobals) = postSolution
		SolutionGuid = {C1583A6F-C5B9-4B21-BB1F-8F71D7C35E49}
	EndGlobalSection
EndGlobal
